// !$*UTF8*$!
{
	archiveVersion = 1;
	classes = {
	};
	objectVersion = 50;
	objects = {

/* Begin PBXBuildFile section */
		09C7914377A2FB3230BBBCC9 /* Pods_WeatherApplication_WeatherApplicationUITests.framework in Frameworks */ = {isa = PBXBuildFile; fileRef = B788CB3AEF53961D6DDA9C1B /* Pods_WeatherApplication_WeatherApplicationUITests.framework */; };
		913BB0A224A20774002082C2 /* AppDelegate.swift in Sources */ = {isa = PBXBuildFile; fileRef = 913BB0A124A20774002082C2 /* AppDelegate.swift */; };
		913BB0A424A20774002082C2 /* SceneDelegate.swift in Sources */ = {isa = PBXBuildFile; fileRef = 913BB0A324A20774002082C2 /* SceneDelegate.swift */; };
		913BB0AB24A20775002082C2 /* Assets.xcassets in Resources */ = {isa = PBXBuildFile; fileRef = 913BB0AA24A20775002082C2 /* Assets.xcassets */; };
		913BB0AE24A20775002082C2 /* LaunchScreen.storyboard in Resources */ = {isa = PBXBuildFile; fileRef = 913BB0AC24A20775002082C2 /* LaunchScreen.storyboard */; };
		913BB0B924A20775002082C2 /* WeatherApplicationTests.swift in Sources */ = {isa = PBXBuildFile; fileRef = 913BB0B824A20775002082C2 /* WeatherApplicationTests.swift */; };
		913BB0C424A20775002082C2 /* WeatherApplicationUITests.swift in Sources */ = {isa = PBXBuildFile; fileRef = 913BB0C324A20775002082C2 /* WeatherApplicationUITests.swift */; };
		913BB0D224A207AD002082C2 /* TableViewController.swift in Sources */ = {isa = PBXBuildFile; fileRef = 913BB0D124A207AD002082C2 /* TableViewController.swift */; };
		913BB0D424A207B3002082C2 /* Main.storyboard in Resources */ = {isa = PBXBuildFile; fileRef = 913BB0D324A207B3002082C2 /* Main.storyboard */; };
		ED70BA34CD5E3AB009A1C5E5 /* Pods_WeatherApplicationTests.framework in Frameworks */ = {isa = PBXBuildFile; fileRef = E3A0CB602511F868E4083DF9 /* Pods_WeatherApplicationTests.framework */; };
		F6ECB3D142BD3F3FB548F9C6 /* Pods_WeatherApplication.framework in Frameworks */ = {isa = PBXBuildFile; fileRef = CC93D75852CB3F0E1315FA8F /* Pods_WeatherApplication.framework */; };
/* End PBXBuildFile section */

/* Begin PBXContainerItemProxy section */
		913BB0B524A20775002082C2 /* PBXContainerItemProxy */ = {
			isa = PBXContainerItemProxy;
			containerPortal = 913BB09624A20774002082C2 /* Project object */;
			proxyType = 1;
			remoteGlobalIDString = 913BB09D24A20774002082C2;
			remoteInfo = WeatherApplication;
		};
		913BB0C024A20775002082C2 /* PBXContainerItemProxy */ = {
			isa = PBXContainerItemProxy;
			containerPortal = 913BB09624A20774002082C2 /* Project object */;
			proxyType = 1;
			remoteGlobalIDString = 913BB09D24A20774002082C2;
			remoteInfo = WeatherApplication;
		};
/* End PBXContainerItemProxy section */

/* Begin PBXFileReference section */
		86F5DDC2DCFF4DAEC8F9F627 /* Pods-WeatherApplication.debug.xcconfig */ = {isa = PBXFileReference; includeInIndex = 1; lastKnownFileType = text.xcconfig; name = "Pods-WeatherApplication.debug.xcconfig"; path = "Target Support Files/Pods-WeatherApplication/Pods-WeatherApplication.debug.xcconfig"; sourceTree = "<group>"; };
		913BB09E24A20774002082C2 /* WeatherApplication.app */ = {isa = PBXFileReference; explicitFileType = wrapper.application; includeInIndex = 0; path = WeatherApplication.app; sourceTree = BUILT_PRODUCTS_DIR; };
		913BB0A124A20774002082C2 /* AppDelegate.swift */ = {isa = PBXFileReference; lastKnownFileType = sourcecode.swift; path = AppDelegate.swift; sourceTree = "<group>"; };
		913BB0A324A20774002082C2 /* SceneDelegate.swift */ = {isa = PBXFileReference; lastKnownFileType = sourcecode.swift; path = SceneDelegate.swift; sourceTree = "<group>"; };
		913BB0AA24A20775002082C2 /* Assets.xcassets */ = {isa = PBXFileReference; lastKnownFileType = folder.assetcatalog; path = Assets.xcassets; sourceTree = "<group>"; };
		913BB0AD24A20775002082C2 /* Base */ = {isa = PBXFileReference; lastKnownFileType = file.storyboard; name = Base; path = Base.lproj/LaunchScreen.storyboard; sourceTree = "<group>"; };
		913BB0AF24A20775002082C2 /* Info.plist */ = {isa = PBXFileReference; lastKnownFileType = text.plist.xml; path = Info.plist; sourceTree = "<group>"; };
		913BB0B424A20775002082C2 /* WeatherApplicationTests.xctest */ = {isa = PBXFileReference; explicitFileType = wrapper.cfbundle; includeInIndex = 0; path = WeatherApplicationTests.xctest; sourceTree = BUILT_PRODUCTS_DIR; };
		913BB0B824A20775002082C2 /* WeatherApplicationTests.swift */ = {isa = PBXFileReference; lastKnownFileType = sourcecode.swift; path = WeatherApplicationTests.swift; sourceTree = "<group>"; };
		913BB0BA24A20775002082C2 /* Info.plist */ = {isa = PBXFileReference; lastKnownFileType = text.plist.xml; path = Info.plist; sourceTree = "<group>"; };
		913BB0BF24A20775002082C2 /* WeatherApplicationUITests.xctest */ = {isa = PBXFileReference; explicitFileType = wrapper.cfbundle; includeInIndex = 0; path = WeatherApplicationUITests.xctest; sourceTree = BUILT_PRODUCTS_DIR; };
		913BB0C324A20775002082C2 /* WeatherApplicationUITests.swift */ = {isa = PBXFileReference; lastKnownFileType = sourcecode.swift; path = WeatherApplicationUITests.swift; sourceTree = "<group>"; };
		913BB0C524A20775002082C2 /* Info.plist */ = {isa = PBXFileReference; lastKnownFileType = text.plist.xml; path = Info.plist; sourceTree = "<group>"; };
		913BB0D124A207AD002082C2 /* TableViewController.swift */ = {isa = PBXFileReference; fileEncoding = 4; lastKnownFileType = sourcecode.swift; path = TableViewController.swift; sourceTree = "<group>"; };
		913BB0D324A207B3002082C2 /* Main.storyboard */ = {isa = PBXFileReference; fileEncoding = 4; lastKnownFileType = file.storyboard; path = Main.storyboard; sourceTree = "<group>"; };
		A2D4B724269C2864FCDD2A01 /* Pods-WeatherApplication-WeatherApplicationUITests.release.xcconfig */ = {isa = PBXFileReference; includeInIndex = 1; lastKnownFileType = text.xcconfig; name = "Pods-WeatherApplication-WeatherApplicationUITests.release.xcconfig"; path = "Target Support Files/Pods-WeatherApplication-WeatherApplicationUITests/Pods-WeatherApplication-WeatherApplicationUITests.release.xcconfig"; sourceTree = "<group>"; };
		A97DF74D83AF00934325FB29 /* Pods-WeatherApplicationTests.release.xcconfig */ = {isa = PBXFileReference; includeInIndex = 1; lastKnownFileType = text.xcconfig; name = "Pods-WeatherApplicationTests.release.xcconfig"; path = "Target Support Files/Pods-WeatherApplicationTests/Pods-WeatherApplicationTests.release.xcconfig"; sourceTree = "<group>"; };
		B6B9F2B33D8ADD4133EE9BA8 /* Pods-WeatherApplication-WeatherApplicationUITests.debug.xcconfig */ = {isa = PBXFileReference; includeInIndex = 1; lastKnownFileType = text.xcconfig; name = "Pods-WeatherApplication-WeatherApplicationUITests.debug.xcconfig"; path = "Target Support Files/Pods-WeatherApplication-WeatherApplicationUITests/Pods-WeatherApplication-WeatherApplicationUITests.debug.xcconfig"; sourceTree = "<group>"; };
		B788CB3AEF53961D6DDA9C1B /* Pods_WeatherApplication_WeatherApplicationUITests.framework */ = {isa = PBXFileReference; explicitFileType = wrapper.framework; includeInIndex = 0; path = Pods_WeatherApplication_WeatherApplicationUITests.framework; sourceTree = BUILT_PRODUCTS_DIR; };
		C419431E6247EB955AFD823F /* Pods-WeatherApplicationTests.debug.xcconfig */ = {isa = PBXFileReference; includeInIndex = 1; lastKnownFileType = text.xcconfig; name = "Pods-WeatherApplicationTests.debug.xcconfig"; path = "Target Support Files/Pods-WeatherApplicationTests/Pods-WeatherApplicationTests.debug.xcconfig"; sourceTree = "<group>"; };
		CC93D75852CB3F0E1315FA8F /* Pods_WeatherApplication.framework */ = {isa = PBXFileReference; explicitFileType = wrapper.framework; includeInIndex = 0; path = Pods_WeatherApplication.framework; sourceTree = BUILT_PRODUCTS_DIR; };
		CEAC2E8D2CA93D57772C1087 /* Pods-WeatherApplication.release.xcconfig */ = {isa = PBXFileReference; includeInIndex = 1; lastKnownFileType = text.xcconfig; name = "Pods-WeatherApplication.release.xcconfig"; path = "Target Support Files/Pods-WeatherApplication/Pods-WeatherApplication.release.xcconfig"; sourceTree = "<group>"; };
		E3A0CB602511F868E4083DF9 /* Pods_WeatherApplicationTests.framework */ = {isa = PBXFileReference; explicitFileType = wrapper.framework; includeInIndex = 0; path = Pods_WeatherApplicationTests.framework; sourceTree = BUILT_PRODUCTS_DIR; };
/* End PBXFileReference section */

/* Begin PBXFrameworksBuildPhase section */
		913BB09B24A20774002082C2 /* Frameworks */ = {
			isa = PBXFrameworksBuildPhase;
			buildActionMask = 2147483647;
			files = (
				F6ECB3D142BD3F3FB548F9C6 /* Pods_WeatherApplication.framework in Frameworks */,
			);
			runOnlyForDeploymentPostprocessing = 0;
		};
		913BB0B124A20775002082C2 /* Frameworks */ = {
			isa = PBXFrameworksBuildPhase;
			buildActionMask = 2147483647;
			files = (
				ED70BA34CD5E3AB009A1C5E5 /* Pods_WeatherApplicationTests.framework in Frameworks */,
			);
			runOnlyForDeploymentPostprocessing = 0;
		};
		913BB0BC24A20775002082C2 /* Frameworks */ = {
			isa = PBXFrameworksBuildPhase;
			buildActionMask = 2147483647;
			files = (
				09C7914377A2FB3230BBBCC9 /* Pods_WeatherApplication_WeatherApplicationUITests.framework in Frameworks */,
			);
			runOnlyForDeploymentPostprocessing = 0;
		};
/* End PBXFrameworksBuildPhase section */

/* Begin PBXGroup section */
		79861342F6674FBABB7895A5 /* Frameworks */ = {
			isa = PBXGroup;
			children = (
				CC93D75852CB3F0E1315FA8F /* Pods_WeatherApplication.framework */,
				B788CB3AEF53961D6DDA9C1B /* Pods_WeatherApplication_WeatherApplicationUITests.framework */,
				E3A0CB602511F868E4083DF9 /* Pods_WeatherApplicationTests.framework */,
			);
			name = Frameworks;
			sourceTree = "<group>";
		};
		913BB09524A20774002082C2 = {
			isa = PBXGroup;
			children = (
				913BB0A024A20774002082C2 /* WeatherApplication */,
				913BB0B724A20775002082C2 /* WeatherApplicationTests */,
				913BB0C224A20775002082C2 /* WeatherApplicationUITests */,
				913BB09F24A20774002082C2 /* Products */,
				B72D6E0CDD14170FDFC7A81E /* Pods */,
				79861342F6674FBABB7895A5 /* Frameworks */,
			);
			sourceTree = "<group>";
		};
		913BB09F24A20774002082C2 /* Products */ = {
			isa = PBXGroup;
			children = (
				913BB09E24A20774002082C2 /* WeatherApplication.app */,
				913BB0B424A20775002082C2 /* WeatherApplicationTests.xctest */,
				913BB0BF24A20775002082C2 /* WeatherApplicationUITests.xctest */,
			);
			name = Products;
			sourceTree = "<group>";
		};
		913BB0A024A20774002082C2 /* WeatherApplication */ = {
			isa = PBXGroup;
			children = (
				913BB0A124A20774002082C2 /* AppDelegate.swift */,
				913BB0A324A20774002082C2 /* SceneDelegate.swift */,
				913BB0AA24A20775002082C2 /* Assets.xcassets */,
				913BB0AC24A20775002082C2 /* LaunchScreen.storyboard */,
				913BB0D324A207B3002082C2 /* Main.storyboard */,
				913BB0D124A207AD002082C2 /* TableViewController.swift */,
				913BB0AF24A20775002082C2 /* Info.plist */,
			);
			path = WeatherApplication;
			sourceTree = "<group>";
		};
		913BB0B724A20775002082C2 /* WeatherApplicationTests */ = {
			isa = PBXGroup;
			children = (
				913BB0B824A20775002082C2 /* WeatherApplicationTests.swift */,
				913BB0BA24A20775002082C2 /* Info.plist */,
			);
			path = WeatherApplicationTests;
			sourceTree = "<group>";
		};
		913BB0C224A20775002082C2 /* WeatherApplicationUITests */ = {
			isa = PBXGroup;
			children = (
				913BB0C324A20775002082C2 /* WeatherApplicationUITests.swift */,
				913BB0C524A20775002082C2 /* Info.plist */,
			);
			path = WeatherApplicationUITests;
			sourceTree = "<group>";
		};
		B72D6E0CDD14170FDFC7A81E /* Pods */ = {
			isa = PBXGroup;
			children = (
				86F5DDC2DCFF4DAEC8F9F627 /* Pods-WeatherApplication.debug.xcconfig */,
				CEAC2E8D2CA93D57772C1087 /* Pods-WeatherApplication.release.xcconfig */,
				B6B9F2B33D8ADD4133EE9BA8 /* Pods-WeatherApplication-WeatherApplicationUITests.debug.xcconfig */,
				A2D4B724269C2864FCDD2A01 /* Pods-WeatherApplication-WeatherApplicationUITests.release.xcconfig */,
				C419431E6247EB955AFD823F /* Pods-WeatherApplicationTests.debug.xcconfig */,
				A97DF74D83AF00934325FB29 /* Pods-WeatherApplicationTests.release.xcconfig */,
			);
			name = Pods;
			path = Pods;
			sourceTree = "<group>";
		};
/* End PBXGroup section */

/* Begin PBXNativeTarget section */
		913BB09D24A20774002082C2 /* WeatherApplication */ = {
			isa = PBXNativeTarget;
			buildConfigurationList = 913BB0C824A20775002082C2 /* Build configuration list for PBXNativeTarget "WeatherApplication" */;
			buildPhases = (
				94758835446781072A04E244 /* [CP] Check Pods Manifest.lock */,
				913BB09A24A20774002082C2 /* Sources */,
				913BB09B24A20774002082C2 /* Frameworks */,
				913BB09C24A20774002082C2 /* Resources */,
				07C07A7A3B3C15BABDE8B4F2 /* [CP] Embed Pods Frameworks */,
			);
			buildRules = (
			);
			dependencies = (
			);
			name = WeatherApplication;
			productName = WeatherApplication;
			productReference = 913BB09E24A20774002082C2 /* WeatherApplication.app */;
			productType = "com.apple.product-type.application";
		};
		913BB0B324A20775002082C2 /* WeatherApplicationTests */ = {
			isa = PBXNativeTarget;
			buildConfigurationList = 913BB0CB24A20775002082C2 /* Build configuration list for PBXNativeTarget "WeatherApplicationTests" */;
			buildPhases = (
				3BC8ECF3A2F57FE5370F9407 /* [CP] Check Pods Manifest.lock */,
				913BB0B024A20775002082C2 /* Sources */,
				913BB0B124A20775002082C2 /* Frameworks */,
				913BB0B224A20775002082C2 /* Resources */,
			);
			buildRules = (
			);
			dependencies = (
				913BB0B624A20775002082C2 /* PBXTargetDependency */,
			);
			name = WeatherApplicationTests;
			productName = WeatherApplicationTests;
			productReference = 913BB0B424A20775002082C2 /* WeatherApplicationTests.xctest */;
			productType = "com.apple.product-type.bundle.unit-test";
		};
		913BB0BE24A20775002082C2 /* WeatherApplicationUITests */ = {
			isa = PBXNativeTarget;
			buildConfigurationList = 913BB0CE24A20775002082C2 /* Build configuration list for PBXNativeTarget "WeatherApplicationUITests" */;
			buildPhases = (
				E77DEB42D7650DE4252B08CC /* [CP] Check Pods Manifest.lock */,
				913BB0BB24A20775002082C2 /* Sources */,
				913BB0BC24A20775002082C2 /* Frameworks */,
				913BB0BD24A20775002082C2 /* Resources */,
				99AA986DF19FD92AC9A12AF1 /* [CP] Embed Pods Frameworks */,
			);
			buildRules = (
			);
			dependencies = (
				913BB0C124A20775002082C2 /* PBXTargetDependency */,
			);
			name = WeatherApplicationUITests;
			productName = WeatherApplicationUITests;
			productReference = 913BB0BF24A20775002082C2 /* WeatherApplicationUITests.xctest */;
			productType = "com.apple.product-type.bundle.ui-testing";
		};
/* End PBXNativeTarget section */

/* Begin PBXProject section */
		913BB09624A20774002082C2 /* Project object */ = {
			isa = PBXProject;
			attributes = {
				LastSwiftUpdateCheck = 1150;
				LastUpgradeCheck = 1150;
				ORGANIZATIONNAME = "Angelo Ou";
				TargetAttributes = {
					913BB09D24A20774002082C2 = {
						CreatedOnToolsVersion = 11.5;
					};
					913BB0B324A20775002082C2 = {
						CreatedOnToolsVersion = 11.5;
						TestTargetID = 913BB09D24A20774002082C2;
					};
					913BB0BE24A20775002082C2 = {
						CreatedOnToolsVersion = 11.5;
						TestTargetID = 913BB09D24A20774002082C2;
					};
				};
			};
			buildConfigurationList = 913BB09924A20774002082C2 /* Build configuration list for PBXProject "WeatherApplication" */;
			compatibilityVersion = "Xcode 9.3";
			developmentRegion = en;
			hasScannedForEncodings = 0;
			knownRegions = (
				en,
				Base,
			);
			mainGroup = 913BB09524A20774002082C2;
			productRefGroup = 913BB09F24A20774002082C2 /* Products */;
			projectDirPath = "";
			projectRoot = "";
			targets = (
				913BB09D24A20774002082C2 /* WeatherApplication */,
				913BB0B324A20775002082C2 /* WeatherApplicationTests */,
				913BB0BE24A20775002082C2 /* WeatherApplicationUITests */,
			);
		};
/* End PBXProject section */

/* Begin PBXResourcesBuildPhase section */
		913BB09C24A20774002082C2 /* Resources */ = {
			isa = PBXResourcesBuildPhase;
			buildActionMask = 2147483647;
			files = (
				913BB0D424A207B3002082C2 /* Main.storyboard in Resources */,
				913BB0AE24A20775002082C2 /* LaunchScreen.storyboard in Resources */,
				913BB0AB24A20775002082C2 /* Assets.xcassets in Resources */,
			);
			runOnlyForDeploymentPostprocessing = 0;
		};
		913BB0B224A20775002082C2 /* Resources */ = {
			isa = PBXResourcesBuildPhase;
			buildActionMask = 2147483647;
			files = (
			);
			runOnlyForDeploymentPostprocessing = 0;
		};
		913BB0BD24A20775002082C2 /* Resources */ = {
			isa = PBXResourcesBuildPhase;
			buildActionMask = 2147483647;
			files = (
			);
			runOnlyForDeploymentPostprocessing = 0;
		};
/* End PBXResourcesBuildPhase section */

/* Begin PBXShellScriptBuildPhase section */
		07C07A7A3B3C15BABDE8B4F2 /* [CP] Embed Pods Frameworks */ = {
			isa = PBXShellScriptBuildPhase;
			buildActionMask = 2147483647;
			files = (
			);
			inputFileListPaths = (
				"${PODS_ROOT}/Target Support Files/Pods-WeatherApplication/Pods-WeatherApplication-frameworks-${CONFIGURATION}-input-files.xcfilelist",
			);
			name = "[CP] Embed Pods Frameworks";
			outputFileListPaths = (
				"${PODS_ROOT}/Target Support Files/Pods-WeatherApplication/Pods-WeatherApplication-frameworks-${CONFIGURATION}-output-files.xcfilelist",
			);
			runOnlyForDeploymentPostprocessing = 0;
			shellPath = /bin/sh;
			shellScript = "\"${PODS_ROOT}/Target Support Files/Pods-WeatherApplication/Pods-WeatherApplication-frameworks.sh\"\n";
			showEnvVarsInLog = 0;
		};
		3BC8ECF3A2F57FE5370F9407 /* [CP] Check Pods Manifest.lock */ = {
			isa = PBXShellScriptBuildPhase;
			buildActionMask = 2147483647;
			files = (
			);
			inputFileListPaths = (
			);
			inputPaths = (
				"${PODS_PODFILE_DIR_PATH}/Podfile.lock",
				"${PODS_ROOT}/Manifest.lock",
			);
			name = "[CP] Check Pods Manifest.lock";
			outputFileListPaths = (
			);
			outputPaths = (
				"$(DERIVED_FILE_DIR)/Pods-WeatherApplicationTests-checkManifestLockResult.txt",
			);
			runOnlyForDeploymentPostprocessing = 0;
			shellPath = /bin/sh;
			shellScript = "diff \"${PODS_PODFILE_DIR_PATH}/Podfile.lock\" \"${PODS_ROOT}/Manifest.lock\" > /dev/null\nif [ $? != 0 ] ; then\n    # print error to STDERR\n    echo \"error: The sandbox is not in sync with the Podfile.lock. Run 'pod install' or update your CocoaPods installation.\" >&2\n    exit 1\nfi\n# This output is used by Xcode 'outputs' to avoid re-running this script phase.\necho \"SUCCESS\" > \"${SCRIPT_OUTPUT_FILE_0}\"\n";
			showEnvVarsInLog = 0;
		};
		94758835446781072A04E244 /* [CP] Check Pods Manifest.lock */ = {
			isa = PBXShellScriptBuildPhase;
			buildActionMask = 2147483647;
			files = (
			);
			inputFileListPaths = (
			);
			inputPaths = (
				"${PODS_PODFILE_DIR_PATH}/Podfile.lock",
				"${PODS_ROOT}/Manifest.lock",
			);
			name = "[CP] Check Pods Manifest.lock";
			outputFileListPaths = (
			);
			outputPaths = (
				"$(DERIVED_FILE_DIR)/Pods-WeatherApplication-checkManifestLockResult.txt",
			);
			runOnlyForDeploymentPostprocessing = 0;
			shellPath = /bin/sh;
			shellScript = "diff \"${PODS_PODFILE_DIR_PATH}/Podfile.lock\" \"${PODS_ROOT}/Manifest.lock\" > /dev/null\nif [ $? != 0 ] ; then\n    # print error to STDERR\n    echo \"error: The sandbox is not in sync with the Podfile.lock. Run 'pod install' or update your CocoaPods installation.\" >&2\n    exit 1\nfi\n# This output is used by Xcode 'outputs' to avoid re-running this script phase.\necho \"SUCCESS\" > \"${SCRIPT_OUTPUT_FILE_0}\"\n";
			showEnvVarsInLog = 0;
		};
		99AA986DF19FD92AC9A12AF1 /* [CP] Embed Pods Frameworks */ = {
			isa = PBXShellScriptBuildPhase;
			buildActionMask = 2147483647;
			files = (
			);
			inputFileListPaths = (
				"${PODS_ROOT}/Target Support Files/Pods-WeatherApplication-WeatherApplicationUITests/Pods-WeatherApplication-WeatherApplicationUITests-frameworks-${CONFIGURATION}-input-files.xcfilelist",
			);
			name = "[CP] Embed Pods Frameworks";
			outputFileListPaths = (
				"${PODS_ROOT}/Target Support Files/Pods-WeatherApplication-WeatherApplicationUITests/Pods-WeatherApplication-WeatherApplicationUITests-frameworks-${CONFIGURATION}-output-files.xcfilelist",
			);
			runOnlyForDeploymentPostprocessing = 0;
			shellPath = /bin/sh;
			shellScript = "\"${PODS_ROOT}/Target Support Files/Pods-WeatherApplication-WeatherApplicationUITests/Pods-WeatherApplication-WeatherApplicationUITests-frameworks.sh\"\n";
			showEnvVarsInLog = 0;
		};
		E77DEB42D7650DE4252B08CC /* [CP] Check Pods Manifest.lock */ = {
			isa = PBXShellScriptBuildPhase;
			buildActionMask = 2147483647;
			files = (
			);
			inputFileListPaths = (
			);
			inputPaths = (
				"${PODS_PODFILE_DIR_PATH}/Podfile.lock",
				"${PODS_ROOT}/Manifest.lock",
			);
			name = "[CP] Check Pods Manifest.lock";
			outputFileListPaths = (
			);
			outputPaths = (
				"$(DERIVED_FILE_DIR)/Pods-WeatherApplication-WeatherApplicationUITests-checkManifestLockResult.txt",
			);
			runOnlyForDeploymentPostprocessing = 0;
			shellPath = /bin/sh;
			shellScript = "diff \"${PODS_PODFILE_DIR_PATH}/Podfile.lock\" \"${PODS_ROOT}/Manifest.lock\" > /dev/null\nif [ $? != 0 ] ; then\n    # print error to STDERR\n    echo \"error: The sandbox is not in sync with the Podfile.lock. Run 'pod install' or update your CocoaPods installation.\" >&2\n    exit 1\nfi\n# This output is used by Xcode 'outputs' to avoid re-running this script phase.\necho \"SUCCESS\" > \"${SCRIPT_OUTPUT_FILE_0}\"\n";
			showEnvVarsInLog = 0;
		};
/* End PBXShellScriptBuildPhase section */

/* Begin PBXSourcesBuildPhase section */
		913BB09A24A20774002082C2 /* Sources */ = {
			isa = PBXSourcesBuildPhase;
			buildActionMask = 2147483647;
			files = (
				913BB0A224A20774002082C2 /* AppDelegate.swift in Sources */,
				913BB0D224A207AD002082C2 /* TableViewController.swift in Sources */,
				913BB0A424A20774002082C2 /* SceneDelegate.swift in Sources */,
			);
			runOnlyForDeploymentPostprocessing = 0;
		};
		913BB0B024A20775002082C2 /* Sources */ = {
			isa = PBXSourcesBuildPhase;
			buildActionMask = 2147483647;
			files = (
				913BB0B924A20775002082C2 /* WeatherApplicationTests.swift in Sources */,
			);
			runOnlyForDeploymentPostprocessing = 0;
		};
		913BB0BB24A20775002082C2 /* Sources */ = {
			isa = PBXSourcesBuildPhase;
			buildActionMask = 2147483647;
			files = (
				913BB0C424A20775002082C2 /* WeatherApplicationUITests.swift in Sources */,
			);
			runOnlyForDeploymentPostprocessing = 0;
		};
/* End PBXSourcesBuildPhase section */

/* Begin PBXTargetDependency section */
		913BB0B624A20775002082C2 /* PBXTargetDependency */ = {
			isa = PBXTargetDependency;
			target = 913BB09D24A20774002082C2 /* WeatherApplication */;
			targetProxy = 913BB0B524A20775002082C2 /* PBXContainerItemProxy */;
		};
		913BB0C124A20775002082C2 /* PBXTargetDependency */ = {
			isa = PBXTargetDependency;
			target = 913BB09D24A20774002082C2 /* WeatherApplication */;
			targetProxy = 913BB0C024A20775002082C2 /* PBXContainerItemProxy */;
		};
/* End PBXTargetDependency section */

/* Begin PBXVariantGroup section */
		913BB0AC24A20775002082C2 /* LaunchScreen.storyboard */ = {
			isa = PBXVariantGroup;
			children = (
				913BB0AD24A20775002082C2 /* Base */,
			);
			name = LaunchScreen.storyboard;
			sourceTree = "<group>";
		};
/* End PBXVariantGroup section */

/* Begin XCBuildConfiguration section */
		913BB0C624A20775002082C2 /* Debug */ = {
			isa = XCBuildConfiguration;
			buildSettings = {
				ALWAYS_SEARCH_USER_PATHS = NO;
				CLANG_ANALYZER_NONNULL = YES;
				CLANG_ANALYZER_NUMBER_OBJECT_CONVERSION = YES_AGGRESSIVE;
				CLANG_CXX_LANGUAGE_STANDARD = "gnu++14";
				CLANG_CXX_LIBRARY = "libc++";
				CLANG_ENABLE_MODULES = YES;
				CLANG_ENABLE_OBJC_ARC = YES;
				CLANG_ENABLE_OBJC_WEAK = YES;
				CLANG_WARN_BLOCK_CAPTURE_AUTORELEASING = YES;
				CLANG_WARN_BOOL_CONVERSION = YES;
				CLANG_WARN_COMMA = YES;
				CLANG_WARN_CONSTANT_CONVERSION = YES;
				CLANG_WARN_DEPRECATED_OBJC_IMPLEMENTATIONS = YES;
				CLANG_WARN_DIRECT_OBJC_ISA_USAGE = YES_ERROR;
				CLANG_WARN_DOCUMENTATION_COMMENTS = YES;
				CLANG_WARN_EMPTY_BODY = YES;
				CLANG_WARN_ENUM_CONVERSION = YES;
				CLANG_WARN_INFINITE_RECURSION = YES;
				CLANG_WARN_INT_CONVERSION = YES;
				CLANG_WARN_NON_LITERAL_NULL_CONVERSION = YES;
				CLANG_WARN_OBJC_IMPLICIT_RETAIN_SELF = YES;
				CLANG_WARN_OBJC_LITERAL_CONVERSION = YES;
				CLANG_WARN_OBJC_ROOT_CLASS = YES_ERROR;
				CLANG_WARN_RANGE_LOOP_ANALYSIS = YES;
				CLANG_WARN_STRICT_PROTOTYPES = YES;
				CLANG_WARN_SUSPICIOUS_MOVE = YES;
				CLANG_WARN_UNGUARDED_AVAILABILITY = YES_AGGRESSIVE;
				CLANG_WARN_UNREACHABLE_CODE = YES;
				CLANG_WARN__DUPLICATE_METHOD_MATCH = YES;
				COPY_PHASE_STRIP = NO;
				DEBUG_INFORMATION_FORMAT = dwarf;
				ENABLE_STRICT_OBJC_MSGSEND = YES;
				ENABLE_TESTABILITY = YES;
				GCC_C_LANGUAGE_STANDARD = gnu11;
				GCC_DYNAMIC_NO_PIC = NO;
				GCC_NO_COMMON_BLOCKS = YES;
				GCC_OPTIMIZATION_LEVEL = 0;
				GCC_PREPROCESSOR_DEFINITIONS = (
					"DEBUG=1",
					"$(inherited)",
				);
				GCC_WARN_64_TO_32_BIT_CONVERSION = YES;
				GCC_WARN_ABOUT_RETURN_TYPE = YES_ERROR;
				GCC_WARN_UNDECLARED_SELECTOR = YES;
				GCC_WARN_UNINITIALIZED_AUTOS = YES_AGGRESSIVE;
				GCC_WARN_UNUSED_FUNCTION = YES;
				GCC_WARN_UNUSED_VARIABLE = YES;
				IPHONEOS_DEPLOYMENT_TARGET = 13.5;
				MTL_ENABLE_DEBUG_INFO = INCLUDE_SOURCE;
				MTL_FAST_MATH = YES;
				ONLY_ACTIVE_ARCH = YES;
				SDKROOT = iphoneos;
				SWIFT_ACTIVE_COMPILATION_CONDITIONS = DEBUG;
				SWIFT_OPTIMIZATION_LEVEL = "-Onone";
			};
			name = Debug;
		};
		913BB0C724A20775002082C2 /* Release */ = {
			isa = XCBuildConfiguration;
			buildSettings = {
				ALWAYS_SEARCH_USER_PATHS = NO;
				CLANG_ANALYZER_NONNULL = YES;
				CLANG_ANALYZER_NUMBER_OBJECT_CONVERSION = YES_AGGRESSIVE;
				CLANG_CXX_LANGUAGE_STANDARD = "gnu++14";
				CLANG_CXX_LIBRARY = "libc++";
				CLANG_ENABLE_MODULES = YES;
				CLANG_ENABLE_OBJC_ARC = YES;
				CLANG_ENABLE_OBJC_WEAK = YES;
				CLANG_WARN_BLOCK_CAPTURE_AUTORELEASING = YES;
				CLANG_WARN_BOOL_CONVERSION = YES;
				CLANG_WARN_COMMA = YES;
				CLANG_WARN_CONSTANT_CONVERSION = YES;
				CLANG_WARN_DEPRECATED_OBJC_IMPLEMENTATIONS = YES;
				CLANG_WARN_DIRECT_OBJC_ISA_USAGE = YES_ERROR;
				CLANG_WARN_DOCUMENTATION_COMMENTS = YES;
				CLANG_WARN_EMPTY_BODY = YES;
				CLANG_WARN_ENUM_CONVERSION = YES;
				CLANG_WARN_INFINITE_RECURSION = YES;
				CLANG_WARN_INT_CONVERSION = YES;
				CLANG_WARN_NON_LITERAL_NULL_CONVERSION = YES;
				CLANG_WARN_OBJC_IMPLICIT_RETAIN_SELF = YES;
				CLANG_WARN_OBJC_LITERAL_CONVERSION = YES;
				CLANG_WARN_OBJC_ROOT_CLASS = YES_ERROR;
				CLANG_WARN_RANGE_LOOP_ANALYSIS = YES;
				CLANG_WARN_STRICT_PROTOTYPES = YES;
				CLANG_WARN_SUSPICIOUS_MOVE = YES;
				CLANG_WARN_UNGUARDED_AVAILABILITY = YES_AGGRESSIVE;
				CLANG_WARN_UNREACHABLE_CODE = YES;
				CLANG_WARN__DUPLICATE_METHOD_MATCH = YES;
				COPY_PHASE_STRIP = NO;
				DEBUG_INFORMATION_FORMAT = "dwarf-with-dsym";
				ENABLE_NS_ASSERTIONS = NO;
				ENABLE_STRICT_OBJC_MSGSEND = YES;
				GCC_C_LANGUAGE_STANDARD = gnu11;
				GCC_NO_COMMON_BLOCKS = YES;
				GCC_WARN_64_TO_32_BIT_CONVERSION = YES;
				GCC_WARN_ABOUT_RETURN_TYPE = YES_ERROR;
				GCC_WARN_UNDECLARED_SELECTOR = YES;
				GCC_WARN_UNINITIALIZED_AUTOS = YES_AGGRESSIVE;
				GCC_WARN_UNUSED_FUNCTION = YES;
				GCC_WARN_UNUSED_VARIABLE = YES;
				IPHONEOS_DEPLOYMENT_TARGET = 13.5;
				MTL_ENABLE_DEBUG_INFO = NO;
				MTL_FAST_MATH = YES;
				SDKROOT = iphoneos;
				SWIFT_COMPILATION_MODE = wholemodule;
				SWIFT_OPTIMIZATION_LEVEL = "-O";
				VALIDATE_PRODUCT = YES;
			};
			name = Release;
		};
		913BB0C924A20775002082C2 /* Debug */ = {
			isa = XCBuildConfiguration;
			baseConfigurationReference = 86F5DDC2DCFF4DAEC8F9F627 /* Pods-WeatherApplication.debug.xcconfig */;
			buildSettings = {
				ASSETCATALOG_COMPILER_APPICON_NAME = AppIcon;
				CODE_SIGN_STYLE = Automatic;
				INFOPLIST_FILE = WeatherApplication/Info.plist;
				LD_RUNPATH_SEARCH_PATHS = (
					"$(inherited)",
					"@executable_path/Frameworks",
				);
				PRODUCT_BUNDLE_IDENTIFIER = com.vmware.WeatherApplication;
				PRODUCT_NAME = "$(TARGET_NAME)";
				SWIFT_VERSION = 5.0;
				TARGETED_DEVICE_FAMILY = "1,2";
			};
			name = Debug;
		};
		913BB0CA24A20775002082C2 /* Release */ = {
			isa = XCBuildConfiguration;
			baseConfigurationReference = CEAC2E8D2CA93D57772C1087 /* Pods-WeatherApplication.release.xcconfig */;
			buildSettings = {
				ASSETCATALOG_COMPILER_APPICON_NAME = AppIcon;
				CODE_SIGN_STYLE = Automatic;
				INFOPLIST_FILE = WeatherApplication/Info.plist;
				LD_RUNPATH_SEARCH_PATHS = (
					"$(inherited)",
					"@executable_path/Frameworks",
				);
				PRODUCT_BUNDLE_IDENTIFIER = com.vmware.WeatherApplication;
				PRODUCT_NAME = "$(TARGET_NAME)";
				SWIFT_VERSION = 5.0;
				TARGETED_DEVICE_FAMILY = "1,2";
			};
			name = Release;
		};
		913BB0CC24A20775002082C2 /* Debug */ = {
			isa = XCBuildConfiguration;
			baseConfigurationReference = C419431E6247EB955AFD823F /* Pods-WeatherApplicationTests.debug.xcconfig */;
			buildSettings = {
				ALWAYS_EMBED_SWIFT_STANDARD_LIBRARIES = YES;
				BUNDLE_LOADER = "$(TEST_HOST)";
				CODE_SIGN_STYLE = Automatic;
				INFOPLIST_FILE = WeatherApplicationTests/Info.plist;
				IPHONEOS_DEPLOYMENT_TARGET = 13.5;
				LD_RUNPATH_SEARCH_PATHS = (
					"$(inherited)",
					"@executable_path/Frameworks",
					"@loader_path/Frameworks",
				);
				PRODUCT_BUNDLE_IDENTIFIER = com.vmware.WeatherApplicationTests;
				PRODUCT_NAME = "$(TARGET_NAME)";
				SWIFT_VERSION = 5.0;
				TARGETED_DEVICE_FAMILY = "1,2";
				TEST_HOST = "$(BUILT_PRODUCTS_DIR)/WeatherApplication.app/WeatherApplication";
			};
			name = Debug;
		};
		913BB0CD24A20775002082C2 /* Release */ = {
			isa = XCBuildConfiguration;
			baseConfigurationReference = A97DF74D83AF00934325FB29 /* Pods-WeatherApplicationTests.release.xcconfig */;
			buildSettings = {
				ALWAYS_EMBED_SWIFT_STANDARD_LIBRARIES = YES;
				BUNDLE_LOADER = "$(TEST_HOST)";
				CODE_SIGN_STYLE = Automatic;
				INFOPLIST_FILE = WeatherApplicationTests/Info.plist;
				IPHONEOS_DEPLOYMENT_TARGET = 13.5;
				LD_RUNPATH_SEARCH_PATHS = (
					"$(inherited)",
					"@executable_path/Frameworks",
					"@loader_path/Frameworks",
				);
				PRODUCT_BUNDLE_IDENTIFIER = com.vmware.WeatherApplicationTests;
				PRODUCT_NAME = "$(TARGET_NAME)";
				SWIFT_VERSION = 5.0;
				TARGETED_DEVICE_FAMILY = "1,2";
				TEST_HOST = "$(BUILT_PRODUCTS_DIR)/WeatherApplication.app/WeatherApplication";
			};
			name = Release;
		};
		913BB0CF24A20775002082C2 /* Debug */ = {
			isa = XCBuildConfiguration;
			baseConfigurationReference = B6B9F2B33D8ADD4133EE9BA8 /* Pods-WeatherApplication-WeatherApplicationUITests.debug.xcconfig */;
			buildSettings = {
				ALWAYS_EMBED_SWIFT_STANDARD_LIBRARIES = YES;
				CODE_SIGN_STYLE = Automatic;
				INFOPLIST_FILE = WeatherApplicationUITests/Info.plist;
				LD_RUNPATH_SEARCH_PATHS = (
					"$(inherited)",
					"@executable_path/Frameworks",
					"@loader_path/Frameworks",
				);
				PRODUCT_BUNDLE_IDENTIFIER = com.vmware.WeatherApplicationUITests;
				PRODUCT_NAME = "$(TARGET_NAME)";
				SWIFT_VERSION = 5.0;
				TARGETED_DEVICE_FAMILY = "1,2";
				TEST_TARGET_NAME = WeatherApplication;
			};
			name = Debug;
		};
		913BB0D024A20775002082C2 /* Release */ = {
			isa = XCBuildConfiguration;
			baseConfigurationReference = A2D4B724269C2864FCDD2A01 /* Pods-WeatherApplication-WeatherApplicationUITests.release.xcconfig */;
			buildSettings = {
				ALWAYS_EMBED_SWIFT_STANDARD_LIBRARIES = YES;
				CODE_SIGN_STYLE = Automatic;
				INFOPLIST_FILE = WeatherApplicationUITests/Info.plist;
				LD_RUNPATH_SEARCH_PATHS = (
					"$(inherited)",
					"@executable_path/Frameworks",
					"@loader_path/Frameworks",
				);
				PRODUCT_BUNDLE_IDENTIFIER = com.vmware.WeatherApplicationUITests;
				PRODUCT_NAME = "$(TARGET_NAME)";
				SWIFT_VERSION = 5.0;
				TARGETED_DEVICE_FAMILY = "1,2";
				TEST_TARGET_NAME = WeatherApplication;
			};
			name = Release;
		};
/* End XCBuildConfiguration section */

/* Begin XCConfigurationList section */
		913BB09924A20774002082C2 /* Build configuration list for PBXProject "WeatherApplication" */ = {
			isa = XCConfigurationList;
			buildConfigurations = (
				913BB0C624A20775002082C2 /* Debug */,
				913BB0C724A20775002082C2 /* Release */,
			);
			defaultConfigurationIsVisible = 0;
			defaultConfigurationName = Release;
		};
		913BB0C824A20775002082C2 /* Build configuration list for PBXNativeTarget "WeatherApplication" */ = {
			isa = XCConfigurationList;
			buildConfigurations = (
				913BB0C924A20775002082C2 /* Debug */,
				913BB0CA24A20775002082C2 /* Release */,
			);
			defaultConfigurationIsVisible = 0;
			defaultConfigurationName = Release;
		};
		913BB0CB24A20775002082C2 /* Build configuration list for PBXNativeTarget "WeatherApplicationTests" */ = {
			isa = XCConfigurationList;
			buildConfigurations = (
				913BB0CC24A20775002082C2 /* Debug */,
				913BB0CD24A20775002082C2 /* Release */,
			);
			defaultConfigurationIsVisible = 0;
			defaultConfigurationName = Release;
		};
		913BB0CE24A20775002082C2 /* Build configuration list for PBXNativeTarget "WeatherApplicationUITests" */ = {
			isa = XCConfigurationList;
			buildConfigurations = (
				913BB0CF24A20775002082C2 /* Debug */,
				913BB0D024A20775002082C2 /* Release */,
			);
			defaultConfigurationIsVisible = 0;
			defaultConfigurationName = Release;
		};
/* End XCConfigurationList section */
	};
	rootObject = 913BB09624A20774002082C2 /* Project object */;
}
